<?xml version="1.0" encoding="utf-8"?>
<Project ToolsVersion="4.0" xmlns="http://schemas.microsoft.com/developer/msbuild/2003">
  <ItemGroup>
    <Filter Include="Source Files">
      <UniqueIdentifier>{4FC737F1-C7A5-4376-A066-2A32D752A2FF}</UniqueIdentifier>
      <Extensions>cpp;c;cc;cxx;c++;cppm;ixx;def;odl;idl;hpj;bat;asm;asmx</Extensions>
    </Filter>
    <Filter Include="Header Files">
      <UniqueIdentifier>{93995380-89BD-4b04-88EB-625FBE52EBFB}</UniqueIdentifier>
      <Extensions>h;hh;hpp;hxx;h++;hm;inl;inc;ipp;xsd</Extensions>
    </Filter>
    <Filter Include="Resource Files">
      <UniqueIdentifier>{67DA6AB6-F800-4c08-8B7A-83BB121AAD01}</UniqueIdentifier>
      <Extensions>rc;ico;cur;bmp;dlg;rc2;rct;bin;rgs;gif;jpg;jpeg;jpe;resx;tiff;tif;png;wav;mfcribbon-ms</Extensions>
    </Filter>
  </ItemGroup>
  <ItemGroup>
    <ClCompile Include="..\..\FIL\FIL\error_handling.cpp">
      <Filter>Source Files</Filter>
    </ClCompile>
    <ClCompile Include="..\..\FIL\FIL\input_control_machin.cpp">
      <Filter>Source Files</Filter>
    </ClCompile>
    <ClCompile Include="..\..\FIL\FIL\lexical.cpp">
      <Filter>Source Files</Filter>
    </ClCompile>
    <ClCompile Include="..\..\FIL\FIL\main.cpp">
      <Filter>Source Files</Filter>
    </ClCompile>
    <ClCompile Include="..\..\FIL\FIL\object_table.cpp">
      <Filter>Source Files</Filter>
    </ClCompile>
    <ClCompile Include="..\..\FIL\FIL\syntactic.cpp">
      <Filter>Source Files</Filter>
    </ClCompile>
    <ClCompile Include="..\..\FIL\FIL\utility.cpp">
      <Filter>Source Files</Filter>
    </ClCompile>
  </ItemGroup>
  <ItemGroup>
    <ClInclude Include="..\..\FIL\FIL\error_handling.h">
      <Filter>Source Files</Filter>
    </ClInclude>
    <ClInclude Include="..\..\FIL\FIL\expression.h">
      <Filter>Source Files</Filter>
    </ClInclude>
    <ClInclude Include="..\..\FIL\FIL\input_control_machin.h">
      <Filter>Source Files</Filter>
    </ClInclude>
    <ClInclude Include="..\..\FIL\FIL\lexical.h">
      <Filter>Source Files</Filter>
    </ClInclude>
    <ClInclude Include="..\..\FIL\FIL\main.h">
      <Filter>Source Files</Filter>
    </ClInclude>
    <ClInclude Include="..\..\FIL\FIL\object_table.h">
      <Filter>Source Files</Filter>
    </ClInclude>
    <ClInclude Include="..\..\FIL\FIL\syntactic.h">
      <Filter>Source Files</Filter>
    </ClInclude>
    <ClInclude Include="..\..\FIL\FIL\utility.h">
      <Filter>Source Files</Filter>
    </ClInclude>
    <ClInclude Include="..\..\FIL\FIL\utility_info.h">
      <Filter>Source Files</Filter>
    </ClInclude>
  </ItemGroup>
  <ItemGroup>
    <Text Include="..\..\FIL\FIL\TEST_FILE.txt">
      <Filter>Source Files</Filter>
    </Text>
  </ItemGroup>
</Project>