<?xml version="1.0" encoding="utf-8"?>
<Project ToolsVersion="4.0" xmlns="http://schemas.microsoft.com/developer/msbuild/2003">
  <ItemGroup>
    <Filter Include="Source Files">
      <UniqueIdentifier>{4FC737F1-C7A5-4376-A066-2A32D752A2FF}</UniqueIdentifier>
      <Extensions>cpp;c;cc;cxx;c++;cppm;ixx;def;odl;idl;hpj;bat;asm;asmx</Extensions>
    </Filter>
    <Filter Include="Header Files">
      <UniqueIdentifier>{93995380-89BD-4b04-88EB-625FBE52EBFB}</UniqueIdentifier>
      <Extensions>h;hh;hpp;hxx;h++;hm;inl;inc;ipp;xsd</Extensions>
    </Filter>
    <Filter Include="Resource Files">
      <UniqueIdentifier>{67DA6AB6-F800-4c08-8B7A-83BB121AAD01}</UniqueIdentifier>
      <Extensions>rc;ico;cur;bmp;dlg;rc2;rct;bin;rgs;gif;jpg;jpeg;jpe;resx;tiff;tif;png;wav;mfcribbon-ms</Extensions>
    </Filter>
  </ItemGroup>
  <ItemGroup>
    <ClCompile Include="..\..\INCM\INCM\arguments.cpp">
      <Filter>Source Files</Filter>
    </ClCompile>
    <ClCompile Include="..\..\INCM\INCM\array.cpp">
      <Filter>Source Files</Filter>
    </ClCompile>
    <ClCompile Include="..\..\INCM\INCM\bytecode_handling.cpp">
      <Filter>Source Files</Filter>
    </ClCompile>
    <ClCompile Include="..\..\INCM\INCM\error_handling.cpp">
      <Filter>Source Files</Filter>
    </ClCompile>
    <ClCompile Include="..\..\INCM\INCM\expression.cpp">
      <Filter>Source Files</Filter>
    </ClCompile>
    <ClCompile Include="..\..\INCM\INCM\function.cpp">
      <Filter>Source Files</Filter>
    </ClCompile>
    <ClCompile Include="..\..\INCM\INCM\jump.cpp">
      <Filter>Source Files</Filter>
    </ClCompile>
    <ClCompile Include="..\..\INCM\INCM\keyword.cpp">
      <Filter>Source Files</Filter>
    </ClCompile>
    <ClCompile Include="..\..\INCM\INCM\lexical.cpp">
      <Filter>Source Files</Filter>
    </ClCompile>
    <ClCompile Include="..\..\INCM\INCM\main.cpp">
      <Filter>Source Files</Filter>
    </ClCompile>
    <ClCompile Include="..\..\INCM\INCM\object.cpp">
      <Filter>Source Files</Filter>
    </ClCompile>
    <ClCompile Include="..\..\INCM\INCM\semantic.cpp">
      <Filter>Source Files</Filter>
    </ClCompile>
    <ClCompile Include="..\..\INCM\INCM\state_control_machine.cpp">
      <Filter>Source Files</Filter>
    </ClCompile>
    <ClCompile Include="..\..\INCM\INCM\syntax.cpp">
      <Filter>Source Files</Filter>
    </ClCompile>
    <ClCompile Include="..\..\INCM\INCM\token.cpp">
      <Filter>Source Files</Filter>
    </ClCompile>
    <ClCompile Include="..\..\INCM\INCM\translator_machine.cpp">
      <Filter>Source Files</Filter>
    </ClCompile>
    <ClCompile Include="..\..\INCM\INCM\utility.cpp">
      <Filter>Source Files</Filter>
    </ClCompile>
  </ItemGroup>
  <ItemGroup>
    <ClInclude Include="..\..\INCM\INCM\arguments.h">
      <Filter>Source Files</Filter>
    </ClInclude>
    <ClInclude Include="..\..\INCM\INCM\array.h">
      <Filter>Source Files</Filter>
    </ClInclude>
    <ClInclude Include="..\..\INCM\INCM\bytecode_handling.h">
      <Filter>Source Files</Filter>
    </ClInclude>
    <ClInclude Include="..\..\INCM\INCM\error_handling.h">
      <Filter>Source Files</Filter>
    </ClInclude>
    <ClInclude Include="..\..\INCM\INCM\expression.h">
      <Filter>Source Files</Filter>
    </ClInclude>
    <ClInclude Include="..\..\INCM\INCM\function.h">
      <Filter>Source Files</Filter>
    </ClInclude>
    <ClInclude Include="..\..\INCM\INCM\jump.h">
      <Filter>Source Files</Filter>
    </ClInclude>
    <ClInclude Include="..\..\INCM\INCM\keyword.h">
      <Filter>Source Files</Filter>
    </ClInclude>
    <ClInclude Include="..\..\INCM\INCM\lexical.h">
      <Filter>Source Files</Filter>
    </ClInclude>
    <ClInclude Include="..\..\INCM\INCM\main.h">
      <Filter>Source Files</Filter>
    </ClInclude>
    <ClInclude Include="..\..\INCM\INCM\object.h">
      <Filter>Source Files</Filter>
    </ClInclude>
    <ClInclude Include="..\..\INCM\INCM\semantic.h">
      <Filter>Source Files</Filter>
    </ClInclude>
    <ClInclude Include="..\..\INCM\INCM\state_control_machine.h">
      <Filter>Source Files</Filter>
    </ClInclude>
    <ClInclude Include="..\..\INCM\INCM\syntax.h">
      <Filter>Source Files</Filter>
    </ClInclude>
    <ClInclude Include="..\..\INCM\INCM\token.h">
      <Filter>Source Files</Filter>
    </ClInclude>
    <ClInclude Include="..\..\INCM\INCM\translator_machine.h">
      <Filter>Source Files</Filter>
    </ClInclude>
    <ClInclude Include="..\..\INCM\INCM\utility.h">
      <Filter>Source Files</Filter>
    </ClInclude>
  </ItemGroup>
  <ItemGroup>
    <None Include="..\..\INCM\INCM\bytecode.bin">
      <Filter>Source Files</Filter>
    </None>
  </ItemGroup>
</Project>